// !$*UTF8*$!
{
	archiveVersion = 1;
	classes = {
	};
	objectVersion = 56;
	objects = {

/* Begin PBXBuildFile section */
		F62E86232C2C3EAB0033757E /* SleepAppApp.swift in Sources */ = {isa = PBXBuildFile; fileRef = F62E86222C2C3EAB0033757E /* SleepAppApp.swift */; };
		F62E86252C2C3EAB0033757E /* ContentView.swift in Sources */ = {isa = PBXBuildFile; fileRef = F62E86242C2C3EAB0033757E /* ContentView.swift */; };
		F62E86272C2C3EAC0033757E /* Assets.xcassets in Resources */ = {isa = PBXBuildFile; fileRef = F62E86262C2C3EAC0033757E /* Assets.xcassets */; };
		F62E862A2C2C3EAC0033757E /* Preview Assets.xcassets in Resources */ = {isa = PBXBuildFile; fileRef = F62E86292C2C3EAC0033757E /* Preview Assets.xcassets */; };
		F62E86342C2C3EAC0033757E /* SleepAppTests.swift in Sources */ = {isa = PBXBuildFile; fileRef = F62E86332C2C3EAC0033757E /* SleepAppTests.swift */; };
		F62E863E2C2C3EAC0033757E /* SleepAppUITests.swift in Sources */ = {isa = PBXBuildFile; fileRef = F62E863D2C2C3EAC0033757E /* SleepAppUITests.swift */; };
		F62E86402C2C3EAC0033757E /* SleepAppUITestsLaunchTests.swift in Sources */ = {isa = PBXBuildFile; fileRef = F62E863F2C2C3EAC0033757E /* SleepAppUITestsLaunchTests.swift */; };
		F62E86502C2C47F40033757E /* swiftgen.yml in Resources */ = {isa = PBXBuildFile; fileRef = F62E864F2C2C47F40033757E /* swiftgen.yml */; };
		F62E86612C2C4A0E0033757E /* Colors.xcassets in Resources */ = {isa = PBXBuildFile; fileRef = F62E86602C2C4A0E0033757E /* Colors.xcassets */; };
		F62E86632C2C4A1E0033757E /* Images.xcassets in Resources */ = {isa = PBXBuildFile; fileRef = F62E86622C2C4A1E0033757E /* Images.xcassets */; };
		F62E86672C2C4A410033757E /* Assets.swift in Sources */ = {isa = PBXBuildFile; fileRef = F62E86642C2C4A410033757E /* Assets.swift */; };
		F62E86682C2C4A410033757E /* Strings.swift in Sources */ = {isa = PBXBuildFile; fileRef = F62E86652C2C4A410033757E /* Strings.swift */; };
		F62E866B2C2C4B350033757E /* en.strings in Resources */ = {isa = PBXBuildFile; fileRef = F62E86692C2C4B350033757E /* en.strings */; };
/* End PBXBuildFile section */

/* Begin PBXContainerItemProxy section */
		F62E86302C2C3EAC0033757E /* PBXContainerItemProxy */ = {
			isa = PBXContainerItemProxy;
			containerPortal = F62E86172C2C3EAB0033757E /* Project object */;
			proxyType = 1;
			remoteGlobalIDString = F62E861E2C2C3EAB0033757E;
			remoteInfo = SleepApp;
		};
		F62E863A2C2C3EAC0033757E /* PBXContainerItemProxy */ = {
			isa = PBXContainerItemProxy;
			containerPortal = F62E86172C2C3EAB0033757E /* Project object */;
			proxyType = 1;
			remoteGlobalIDString = F62E861E2C2C3EAB0033757E;
			remoteInfo = SleepApp;
		};
/* End PBXContainerItemProxy section */

/* Begin PBXFileReference section */
		F62E861F2C2C3EAB0033757E /* SleepApp.app */ = {isa = PBXFileReference; explicitFileType = wrapper.application; includeInIndex = 0; path = SleepApp.app; sourceTree = BUILT_PRODUCTS_DIR; };
		F62E86222C2C3EAB0033757E /* SleepAppApp.swift */ = {isa = PBXFileReference; lastKnownFileType = sourcecode.swift; path = SleepAppApp.swift; sourceTree = "<group>"; };
		F62E86242C2C3EAB0033757E /* ContentView.swift */ = {isa = PBXFileReference; lastKnownFileType = sourcecode.swift; path = ContentView.swift; sourceTree = "<group>"; };
		F62E86262C2C3EAC0033757E /* Assets.xcassets */ = {isa = PBXFileReference; lastKnownFileType = folder.assetcatalog; path = Assets.xcassets; sourceTree = "<group>"; };
		F62E86292C2C3EAC0033757E /* Preview Assets.xcassets */ = {isa = PBXFileReference; lastKnownFileType = folder.assetcatalog; path = "Preview Assets.xcassets"; sourceTree = "<group>"; };
		F62E862F2C2C3EAC0033757E /* SleepAppTests.xctest */ = {isa = PBXFileReference; explicitFileType = wrapper.cfbundle; includeInIndex = 0; path = SleepAppTests.xctest; sourceTree = BUILT_PRODUCTS_DIR; };
		F62E86332C2C3EAC0033757E /* SleepAppTests.swift */ = {isa = PBXFileReference; lastKnownFileType = sourcecode.swift; path = SleepAppTests.swift; sourceTree = "<group>"; };
		F62E86392C2C3EAC0033757E /* SleepAppUITests.xctest */ = {isa = PBXFileReference; explicitFileType = wrapper.cfbundle; includeInIndex = 0; path = SleepAppUITests.xctest; sourceTree = BUILT_PRODUCTS_DIR; };
		F62E863D2C2C3EAC0033757E /* SleepAppUITests.swift */ = {isa = PBXFileReference; lastKnownFileType = sourcecode.swift; path = SleepAppUITests.swift; sourceTree = "<group>"; };
		F62E863F2C2C3EAC0033757E /* SleepAppUITestsLaunchTests.swift */ = {isa = PBXFileReference; lastKnownFileType = sourcecode.swift; path = SleepAppUITestsLaunchTests.swift; sourceTree = "<group>"; };
		F62E864F2C2C47F40033757E /* swiftgen.yml */ = {isa = PBXFileReference; fileEncoding = 4; lastKnownFileType = text.yaml; path = swiftgen.yml; sourceTree = "<group>"; };
		F62E86602C2C4A0E0033757E /* Colors.xcassets */ = {isa = PBXFileReference; lastKnownFileType = folder.assetcatalog; path = Colors.xcassets; sourceTree = "<group>"; };
		F62E86622C2C4A1E0033757E /* Images.xcassets */ = {isa = PBXFileReference; lastKnownFileType = folder.assetcatalog; path = Images.xcassets; sourceTree = "<group>"; };
		F62E86642C2C4A410033757E /* Assets.swift */ = {isa = PBXFileReference; fileEncoding = 4; lastKnownFileType = sourcecode.swift; path = Assets.swift; sourceTree = "<group>"; };
		F62E86652C2C4A410033757E /* Strings.swift */ = {isa = PBXFileReference; fileEncoding = 4; lastKnownFileType = sourcecode.swift; path = Strings.swift; sourceTree = "<group>"; };
		F62E866A2C2C4B350033757E /* en */ = {isa = PBXFileReference; lastKnownFileType = text.plist.strings; name = en; path = en.lproj/en.strings; sourceTree = "<group>"; };
/* End PBXFileReference section */

/* Begin PBXFrameworksBuildPhase section */
		F62E861C2C2C3EAB0033757E /* Frameworks */ = {
			isa = PBXFrameworksBuildPhase;
			buildActionMask = 2147483647;
			files = (
			);
			runOnlyForDeploymentPostprocessing = 0;
		};
		F62E862C2C2C3EAC0033757E /* Frameworks */ = {
			isa = PBXFrameworksBuildPhase;
			buildActionMask = 2147483647;
			files = (
			);
			runOnlyForDeploymentPostprocessing = 0;
		};
		F62E86362C2C3EAC0033757E /* Frameworks */ = {
			isa = PBXFrameworksBuildPhase;
			buildActionMask = 2147483647;
			files = (
			);
			runOnlyForDeploymentPostprocessing = 0;
		};
/* End PBXFrameworksBuildPhase section */

/* Begin PBXGroup section */
		F62E86162C2C3EAB0033757E = {
			isa = PBXGroup;
			children = (
				F62E864F2C2C47F40033757E /* swiftgen.yml */,
				F62E86212C2C3EAB0033757E /* SleepApp */,
				F62E86322C2C3EAC0033757E /* SleepAppTests */,
				F62E863C2C2C3EAC0033757E /* SleepAppUITests */,
				F62E86202C2C3EAB0033757E /* Products */,
			);
			sourceTree = "<group>";
		};
		F62E86202C2C3EAB0033757E /* Products */ = {
			isa = PBXGroup;
			children = (
				F62E861F2C2C3EAB0033757E /* SleepApp.app */,
				F62E862F2C2C3EAC0033757E /* SleepAppTests.xctest */,
				F62E86392C2C3EAC0033757E /* SleepAppUITests.xctest */,
			);
			name = Products;
			sourceTree = "<group>";
		};
		F62E86212C2C3EAB0033757E /* SleepApp */ = {
			isa = PBXGroup;
			children = (
				F62E86512C2C48000033757E /* UILayer */,
				F62E86222C2C3EAB0033757E /* SleepAppApp.swift */,
				F62E86242C2C3EAB0033757E /* ContentView.swift */,
				F62E86262C2C3EAC0033757E /* Assets.xcassets */,
				F62E86282C2C3EAC0033757E /* Preview Content */,
			);
			path = SleepApp;
			sourceTree = "<group>";
		};
		F62E86282C2C3EAC0033757E /* Preview Content */ = {
			isa = PBXGroup;
			children = (
				F62E86292C2C3EAC0033757E /* Preview Assets.xcassets */,
			);
			path = "Preview Content";
			sourceTree = "<group>";
		};
		F62E86322C2C3EAC0033757E /* SleepAppTests */ = {
			isa = PBXGroup;
			children = (
				F62E86332C2C3EAC0033757E /* SleepAppTests.swift */,
			);
			path = SleepAppTests;
			sourceTree = "<group>";
		};
		F62E863C2C2C3EAC0033757E /* SleepAppUITests */ = {
			isa = PBXGroup;
			children = (
				F62E863D2C2C3EAC0033757E /* SleepAppUITests.swift */,
				F62E863F2C2C3EAC0033757E /* SleepAppUITestsLaunchTests.swift */,
			);
			path = SleepAppUITests;
			sourceTree = "<group>";
		};
		F62E86512C2C48000033757E /* UILayer */ = {
			isa = PBXGroup;
			children = (
				F62E86522C2C48110033757E /* Resources */,
			);
			path = UILayer;
			sourceTree = "<group>";
		};
		F62E86522C2C48110033757E /* Resources */ = {
			isa = PBXGroup;
			children = (
				F62E86662C2C4A410033757E /* Generated */,
				F62E86602C2C4A0E0033757E /* Colors.xcassets */,
				F62E86622C2C4A1E0033757E /* Images.xcassets */,
				F62E86692C2C4B350033757E /* en.strings */,
			);
			path = Resources;
			sourceTree = "<group>";
		};
		F62E86662C2C4A410033757E /* Generated */ = {
			isa = PBXGroup;
			children = (
				F62E86642C2C4A410033757E /* Assets.swift */,
				F62E86652C2C4A410033757E /* Strings.swift */,
			);
			path = Generated;
			sourceTree = "<group>";
		};
/* End PBXGroup section */

/* Begin PBXNativeTarget section */
		F62E861E2C2C3EAB0033757E /* SleepApp */ = {
			isa = PBXNativeTarget;
			buildConfigurationList = F62E86432C2C3EAC0033757E /* Build configuration list for PBXNativeTarget "SleepApp" */;
			buildPhases = (
				F62E861B2C2C3EAB0033757E /* Sources */,
				F62E861C2C2C3EAB0033757E /* Frameworks */,
				F62E861D2C2C3EAB0033757E /* Resources */,
			);
			buildRules = (
			);
			dependencies = (
			);
			name = SleepApp;
			packageProductDependencies = (
			);
			productName = SleepApp;
			productReference = F62E861F2C2C3EAB0033757E /* SleepApp.app */;
			productType = "com.apple.product-type.application";
		};
		F62E862E2C2C3EAC0033757E /* SleepAppTests */ = {
			isa = PBXNativeTarget;
			buildConfigurationList = F62E86462C2C3EAC0033757E /* Build configuration list for PBXNativeTarget "SleepAppTests" */;
			buildPhases = (
				F62E862B2C2C3EAC0033757E /* Sources */,
				F62E862C2C2C3EAC0033757E /* Frameworks */,
				F62E862D2C2C3EAC0033757E /* Resources */,
			);
			buildRules = (
			);
			dependencies = (
				F62E86312C2C3EAC0033757E /* PBXTargetDependency */,
			);
			name = SleepAppTests;
			productName = SleepAppTests;
			productReference = F62E862F2C2C3EAC0033757E /* SleepAppTests.xctest */;
			productType = "com.apple.product-type.bundle.unit-test";
		};
		F62E86382C2C3EAC0033757E /* SleepAppUITests */ = {
			isa = PBXNativeTarget;
			buildConfigurationList = F62E86492C2C3EAC0033757E /* Build configuration list for PBXNativeTarget "SleepAppUITests" */;
			buildPhases = (
				F62E86352C2C3EAC0033757E /* Sources */,
				F62E86362C2C3EAC0033757E /* Frameworks */,
				F62E86372C2C3EAC0033757E /* Resources */,
			);
			buildRules = (
			);
			dependencies = (
				F62E863B2C2C3EAC0033757E /* PBXTargetDependency */,
			);
			name = SleepAppUITests;
			productName = SleepAppUITests;
			productReference = F62E86392C2C3EAC0033757E /* SleepAppUITests.xctest */;
			productType = "com.apple.product-type.bundle.ui-testing";
		};
/* End PBXNativeTarget section */

/* Begin PBXProject section */
		F62E86172C2C3EAB0033757E /* Project object */ = {
			isa = PBXProject;
			attributes = {
				BuildIndependentTargetsInParallel = 1;
				LastSwiftUpdateCheck = 1540;
				LastUpgradeCheck = 1540;
				TargetAttributes = {
					F62E861E2C2C3EAB0033757E = {
						CreatedOnToolsVersion = 15.4;
					};
					F62E862E2C2C3EAC0033757E = {
						CreatedOnToolsVersion = 15.4;
						TestTargetID = F62E861E2C2C3EAB0033757E;
					};
					F62E86382C2C3EAC0033757E = {
						CreatedOnToolsVersion = 15.4;
						TestTargetID = F62E861E2C2C3EAB0033757E;
					};
				};
			};
			buildConfigurationList = F62E861A2C2C3EAB0033757E /* Build configuration list for PBXProject "SleepApp" */;
			compatibilityVersion = "Xcode 14.0";
			developmentRegion = en;
			hasScannedForEncodings = 0;
			knownRegions = (
				en,
				Base,
			);
			mainGroup = F62E86162C2C3EAB0033757E;
			packageReferences = (
			);
			productRefGroup = F62E86202C2C3EAB0033757E /* Products */;
			projectDirPath = "";
			projectRoot = "";
			targets = (
				F62E861E2C2C3EAB0033757E /* SleepApp */,
				F62E862E2C2C3EAC0033757E /* SleepAppTests */,
				F62E86382C2C3EAC0033757E /* SleepAppUITests */,
			);
		};
/* End PBXProject section */

/* Begin PBXResourcesBuildPhase section */
		F62E861D2C2C3EAB0033757E /* Resources */ = {
			isa = PBXResourcesBuildPhase;
			buildActionMask = 2147483647;
			files = (
				F62E86612C2C4A0E0033757E /* Colors.xcassets in Resources */,
				F62E862A2C2C3EAC0033757E /* Preview Assets.xcassets in Resources */,
				F62E86632C2C4A1E0033757E /* Images.xcassets in Resources */,
				F62E866B2C2C4B350033757E /* en.strings in Resources */,
				F62E86272C2C3EAC0033757E /* Assets.xcassets in Resources */,
				F62E86502C2C47F40033757E /* swiftgen.yml in Resources */,
			);
			runOnlyForDeploymentPostprocessing = 0;
		};
		F62E862D2C2C3EAC0033757E /* Resources */ = {
			isa = PBXResourcesBuildPhase;
			buildActionMask = 2147483647;
			files = (
			);
			runOnlyForDeploymentPostprocessing = 0;
		};
		F62E86372C2C3EAC0033757E /* Resources */ = {
			isa = PBXResourcesBuildPhase;
			buildActionMask = 2147483647;
			files = (
			);
			runOnlyForDeploymentPostprocessing = 0;
		};
/* End PBXResourcesBuildPhase section */

/* Begin PBXSourcesBuildPhase section */
		F62E861B2C2C3EAB0033757E /* Sources */ = {
			isa = PBXSourcesBuildPhase;
			buildActionMask = 2147483647;
			files = (
				F62E86252C2C3EAB0033757E /* ContentView.swift in Sources */,
				F62E86232C2C3EAB0033757E /* SleepAppApp.swift in Sources */,
				F62E86682C2C4A410033757E /* Strings.swift in Sources */,
				F62E86672C2C4A410033757E /* Assets.swift in Sources */,
			);
			runOnlyForDeploymentPostprocessing = 0;
		};
		F62E862B2C2C3EAC0033757E /* Sources */ = {
			isa = PBXSourcesBuildPhase;
			buildActionMask = 2147483647;
			files = (
				F62E86342C2C3EAC0033757E /* SleepAppTests.swift in Sources */,
			);
			runOnlyForDeploymentPostprocessing = 0;
		};
		F62E86352C2C3EAC0033757E /* Sources */ = {
			isa = PBXSourcesBuildPhase;
			buildActionMask = 2147483647;
			files = (
				F62E86402C2C3EAC0033757E /* SleepAppUITestsLaunchTests.swift in Sources */,
				F62E863E2C2C3EAC0033757E /* SleepAppUITests.swift in Sources */,
			);
			runOnlyForDeploymentPostprocessing = 0;
		};
/* End PBXSourcesBuildPhase section */

/* Begin PBXTargetDependency section */
		F62E86312C2C3EAC0033757E /* PBXTargetDependency */ = {
			isa = PBXTargetDependency;
			target = F62E861E2C2C3EAB0033757E /* SleepApp */;
			targetProxy = F62E86302C2C3EAC0033757E /* PBXContainerItemProxy */;
		};
		F62E863B2C2C3EAC0033757E /* PBXTargetDependency */ = {
			isa = PBXTargetDependency;
			target = F62E861E2C2C3EAB0033757E /* SleepApp */;
			targetProxy = F62E863A2C2C3EAC0033757E /* PBXContainerItemProxy */;
		};
/* End PBXTargetDependency section */

/* Begin PBXVariantGroup section */
		F62E86692C2C4B350033757E /* en.strings */ = {
			isa = PBXVariantGroup;
			children = (
				F62E866A2C2C4B350033757E /* en */,
			);
			name = en.strings;
			sourceTree = "<group>";
		};
/* End PBXVariantGroup section */

/* Begin XCBuildConfiguration section */
		F62E86412C2C3EAC0033757E /* Debug */ = {
			isa = XCBuildConfiguration;
			buildSettings = {
				ALWAYS_SEARCH_USER_PATHS = NO;
				ASSETCATALOG_COMPILER_GENERATE_SWIFT_ASSET_SYMBOL_EXTENSIONS = YES;
				CLANG_ANALYZER_NONNULL = YES;
				CLANG_ANALYZER_NUMBER_OBJECT_CONVERSION = YES_AGGRESSIVE;
				CLANG_CXX_LANGUAGE_STANDARD = "gnu++20";
				CLANG_ENABLE_MODULES = YES;
				CLANG_ENABLE_OBJC_ARC = YES;
				CLANG_ENABLE_OBJC_WEAK = YES;
				CLANG_WARN_BLOCK_CAPTURE_AUTORELEASING = YES;
				CLANG_WARN_BOOL_CONVERSION = YES;
				CLANG_WARN_COMMA = YES;
				CLANG_WARN_CONSTANT_CONVERSION = YES;
				CLANG_WARN_DEPRECATED_OBJC_IMPLEMENTATIONS = YES;
				CLANG_WARN_DIRECT_OBJC_ISA_USAGE = YES_ERROR;
				CLANG_WARN_DOCUMENTATION_COMMENTS = YES;
				CLANG_WARN_EMPTY_BODY = YES;
				CLANG_WARN_ENUM_CONVERSION = YES;
				CLANG_WARN_INFINITE_RECURSION = YES;
				CLANG_WARN_INT_CONVERSION = YES;
				CLANG_WARN_NON_LITERAL_NULL_CONVERSION = YES;
				CLANG_WARN_OBJC_IMPLICIT_RETAIN_SELF = YES;
				CLANG_WARN_OBJC_LITERAL_CONVERSION = YES;
				CLANG_WARN_OBJC_ROOT_CLASS = YES_ERROR;
				CLANG_WARN_QUOTED_INCLUDE_IN_FRAMEWORK_HEADER = YES;
				CLANG_WARN_RANGE_LOOP_ANALYSIS = YES;
				CLANG_WARN_STRICT_PROTOTYPES = YES;
				CLANG_WARN_SUSPICIOUS_MOVE = YES;
				CLANG_WARN_UNGUARDED_AVAILABILITY = YES_AGGRESSIVE;
				CLANG_WARN_UNREACHABLE_CODE = YES;
				CLANG_WARN__DUPLICATE_METHOD_MATCH = YES;
				COPY_PHASE_STRIP = NO;
				DEBUG_INFORMATION_FORMAT = dwarf;
				ENABLE_STRICT_OBJC_MSGSEND = YES;
				ENABLE_TESTABILITY = YES;
				ENABLE_USER_SCRIPT_SANDBOXING = YES;
				GCC_C_LANGUAGE_STANDARD = gnu17;
				GCC_DYNAMIC_NO_PIC = NO;
				GCC_NO_COMMON_BLOCKS = YES;
				GCC_OPTIMIZATION_LEVEL = 0;
				GCC_PREPROCESSOR_DEFINITIONS = (
					"DEBUG=1",
					"$(inherited)",
				);
				GCC_WARN_64_TO_32_BIT_CONVERSION = YES;
				GCC_WARN_ABOUT_RETURN_TYPE = YES_ERROR;
				GCC_WARN_UNDECLARED_SELECTOR = YES;
				GCC_WARN_UNINITIALIZED_AUTOS = YES_AGGRESSIVE;
				GCC_WARN_UNUSED_FUNCTION = YES;
				GCC_WARN_UNUSED_VARIABLE = YES;
				IPHONEOS_DEPLOYMENT_TARGET = 17.5;
				LOCALIZATION_PREFERS_STRING_CATALOGS = YES;
				MTL_ENABLE_DEBUG_INFO = INCLUDE_SOURCE;
				MTL_FAST_MATH = YES;
				ONLY_ACTIVE_ARCH = YES;
				SDKROOT = iphoneos;
				SWIFT_ACTIVE_COMPILATION_CONDITIONS = "DEBUG $(inherited)";
				SWIFT_OPTIMIZATION_LEVEL = "-Onone";
			};
			name = Debug;
		};
		F62E86422C2C3EAC0033757E /* Release */ = {
			isa = XCBuildConfiguration;
			buildSettings = {
				ALWAYS_SEARCH_USER_PATHS = NO;
				ASSETCATALOG_COMPILER_GENERATE_SWIFT_ASSET_SYMBOL_EXTENSIONS = YES;
				CLANG_ANALYZER_NONNULL = YES;
				CLANG_ANALYZER_NUMBER_OBJECT_CONVERSION = YES_AGGRESSIVE;
				CLANG_CXX_LANGUAGE_STANDARD = "gnu++20";
				CLANG_ENABLE_MODULES = YES;
				CLANG_ENABLE_OBJC_ARC = YES;
				CLANG_ENABLE_OBJC_WEAK = YES;
				CLANG_WARN_BLOCK_CAPTURE_AUTORELEASING = YES;
				CLANG_WARN_BOOL_CONVERSION = YES;
				CLANG_WARN_COMMA = YES;
				CLANG_WARN_CONSTANT_CONVERSION = YES;
				CLANG_WARN_DEPRECATED_OBJC_IMPLEMENTATIONS = YES;
				CLANG_WARN_DIRECT_OBJC_ISA_USAGE = YES_ERROR;
				CLANG_WARN_DOCUMENTATION_COMMENTS = YES;
				CLANG_WARN_EMPTY_BODY = YES;
				CLANG_WARN_ENUM_CONVERSION = YES;
				CLANG_WARN_INFINITE_RECURSION = YES;
				CLANG_WARN_INT_CONVERSION = YES;
				CLANG_WARN_NON_LITERAL_NULL_CONVERSION = YES;
				CLANG_WARN_OBJC_IMPLICIT_RETAIN_SELF = YES;
				CLANG_WARN_OBJC_LITERAL_CONVERSION = YES;
				CLANG_WARN_OBJC_ROOT_CLASS = YES_ERROR;
				CLANG_WARN_QUOTED_INCLUDE_IN_FRAMEWORK_HEADER = YES;
				CLANG_WARN_RANGE_LOOP_ANALYSIS = YES;
				CLANG_WARN_STRICT_PROTOTYPES = YES;
				CLANG_WARN_SUSPICIOUS_MOVE = YES;
				CLANG_WARN_UNGUARDED_AVAILABILITY = YES_AGGRESSIVE;
				CLANG_WARN_UNREACHABLE_CODE = YES;
				CLANG_WARN__DUPLICATE_METHOD_MATCH = YES;
				COPY_PHASE_STRIP = NO;
				DEBUG_INFORMATION_FORMAT = "dwarf-with-dsym";
				ENABLE_NS_ASSERTIONS = NO;
				ENABLE_STRICT_OBJC_MSGSEND = YES;
				ENABLE_USER_SCRIPT_SANDBOXING = YES;
				GCC_C_LANGUAGE_STANDARD = gnu17;
				GCC_NO_COMMON_BLOCKS = YES;
				GCC_WARN_64_TO_32_BIT_CONVERSION = YES;
				GCC_WARN_ABOUT_RETURN_TYPE = YES_ERROR;
				GCC_WARN_UNDECLARED_SELECTOR = YES;
				GCC_WARN_UNINITIALIZED_AUTOS = YES_AGGRESSIVE;
				GCC_WARN_UNUSED_FUNCTION = YES;
				GCC_WARN_UNUSED_VARIABLE = YES;
				IPHONEOS_DEPLOYMENT_TARGET = 17.5;
				LOCALIZATION_PREFERS_STRING_CATALOGS = YES;
				MTL_ENABLE_DEBUG_INFO = NO;
				MTL_FAST_MATH = YES;
				SDKROOT = iphoneos;
				SWIFT_COMPILATION_MODE = wholemodule;
				VALIDATE_PRODUCT = YES;
			};
			name = Release;
		};
		F62E86442C2C3EAC0033757E /* Debug */ = {
			isa = XCBuildConfiguration;
			buildSettings = {
				ASSETCATALOG_COMPILER_APPICON_NAME = AppIcon;
				ASSETCATALOG_COMPILER_GLOBAL_ACCENT_COLOR_NAME = AccentColor;
				CODE_SIGN_STYLE = Automatic;
				CURRENT_PROJECT_VERSION = 1;
				DEVELOPMENT_ASSET_PATHS = "\"SleepApp/Preview Content\"";
				DEVELOPMENT_TEAM = LWLYM5BX6D;
				ENABLE_PREVIEWS = YES;
				GENERATE_INFOPLIST_FILE = YES;
				INFOPLIST_KEY_UIApplicationSceneManifest_Generation = YES;
				INFOPLIST_KEY_UIApplicationSupportsIndirectInputEvents = YES;
				INFOPLIST_KEY_UILaunchScreen_Generation = YES;
				INFOPLIST_KEY_UISupportedInterfaceOrientations = UIInterfaceOrientationPortrait;
				INFOPLIST_KEY_UISupportedInterfaceOrientations_iPad = "UIInterfaceOrientationLandscapeLeft UIInterfaceOrientationLandscapeRight UIInterfaceOrientationPortrait UIInterfaceOrientationPortraitUpsideDown";
				IPHONEOS_DEPLOYMENT_TARGET = 16.0;
				LD_RUNPATH_SEARCH_PATHS = (
					"$(inherited)",
					"@executable_path/Frameworks",
				);
				MARKETING_VERSION = 1.0;
				PRODUCT_BUNDLE_IDENTIFIER = markos.SleepApp;
				PRODUCT_NAME = "$(TARGET_NAME)";
				SUPPORTED_PLATFORMS = "iphoneos iphonesimulator";
				SUPPORTS_MACCATALYST = NO;
				SUPPORTS_MAC_DESIGNED_FOR_IPHONE_IPAD = NO;
				SUPPORTS_XR_DESIGNED_FOR_IPHONE_IPAD = NO;
				SWIFT_EMIT_LOC_STRINGS = YES;
				SWIFT_VERSION = 5.0;
				TARGETED_DEVICE_FAMILY = 1;
			};
			name = Debug;
		};
		F62E86452C2C3EAC0033757E /* Release */ = {
			isa = XCBuildConfiguration;
			buildSettings = {
				ASSETCATALOG_COMPILER_APPICON_NAME = AppIcon;
				ASSETCATALOG_COMPILER_GLOBAL_ACCENT_COLOR_NAME = AccentColor;
				CODE_SIGN_STYLE = Automatic;
				CURRENT_PROJECT_VERSION = 1;
				DEVELOPMENT_ASSET_PATHS = "\"SleepApp/Preview Content\"";
				DEVELOPMENT_TEAM = LWLYM5BX6D;
				ENABLE_PREVIEWS = YES;
				GENERATE_INFOPLIST_FILE = YES;
				INFOPLIST_KEY_UIApplicationSceneManifest_Generation = YES;
				INFOPLIST_KEY_UIApplicationSupportsIndirectInputEvents = YES;
				INFOPLIST_KEY_UILaunchScreen_Generation = YES;
				INFOPLIST_KEY_UISupportedInterfaceOrientations = UIInterfaceOrientationPortrait;
				INFOPLIST_KEY_UISupportedInterfaceOrientations_iPad = "UIInterfaceOrientationLandscapeLeft UIInterfaceOrientationLandscapeRight UIInterfaceOrientationPortrait UIInterfaceOrientationPortraitUpsideDown";
				IPHONEOS_DEPLOYMENT_TARGET = 16.0;
				LD_RUNPATH_SEARCH_PATHS = (
					"$(inherited)",
					"@executable_path/Frameworks",
				);
				MARKETING_VERSION = 1.0;
				PRODUCT_BUNDLE_IDENTIFIER = markos.SleepApp;
				PRODUCT_NAME = "$(TARGET_NAME)";
				SUPPORTED_PLATFORMS = "iphoneos iphonesimulator";
				SUPPORTS_MACCATALYST = NO;
				SUPPORTS_MAC_DESIGNED_FOR_IPHONE_IPAD = NO;
				SUPPORTS_XR_DESIGNED_FOR_IPHONE_IPAD = NO;
				SWIFT_EMIT_LOC_STRINGS = YES;
				SWIFT_VERSION = 5.0;
				TARGETED_DEVICE_FAMILY = 1;
			};
			name = Release;
		};
		F62E86472C2C3EAC0033757E /* Debug */ = {
			isa = XCBuildConfiguration;
			buildSettings = {
				ALWAYS_EMBED_SWIFT_STANDARD_LIBRARIES = YES;
				BUNDLE_LOADER = "$(TEST_HOST)";
				CODE_SIGN_STYLE = Automatic;
				CURRENT_PROJECT_VERSION = 1;
				DEVELOPMENT_TEAM = LWLYM5BX6D;
				GENERATE_INFOPLIST_FILE = YES;
				IPHONEOS_DEPLOYMENT_TARGET = 17.5;
				MARKETING_VERSION = 1.0;
				PRODUCT_BUNDLE_IDENTIFIER = markos.SleepAppTests;
				PRODUCT_NAME = "$(TARGET_NAME)";
				SWIFT_EMIT_LOC_STRINGS = NO;
				SWIFT_VERSION = 5.0;
				TARGETED_DEVICE_FAMILY = "1,2";
				TEST_HOST = "$(BUILT_PRODUCTS_DIR)/SleepApp.app/$(BUNDLE_EXECUTABLE_FOLDER_PATH)/SleepApp";
			};
			name = Debug;
		};
		F62E86482C2C3EAC0033757E /* Release */ = {
			isa = XCBuildConfiguration;
			buildSettings = {
				ALWAYS_EMBED_SWIFT_STANDARD_LIBRARIES = YES;
				BUNDLE_LOADER = "$(TEST_HOST)";
				CODE_SIGN_STYLE = Automatic;
				CURRENT_PROJECT_VERSION = 1;
				DEVELOPMENT_TEAM = LWLYM5BX6D;
				GENERATE_INFOPLIST_FILE = YES;
				IPHONEOS_DEPLOYMENT_TARGET = 17.5;
				MARKETING_VERSION = 1.0;
				PRODUCT_BUNDLE_IDENTIFIER = markos.SleepAppTests;
				PRODUCT_NAME = "$(TARGET_NAME)";
				SWIFT_EMIT_LOC_STRINGS = NO;
				SWIFT_VERSION = 5.0;
				TARGETED_DEVICE_FAMILY = "1,2";
				TEST_HOST = "$(BUILT_PRODUCTS_DIR)/SleepApp.app/$(BUNDLE_EXECUTABLE_FOLDER_PATH)/SleepApp";
			};
			name = Release;
		};
		F62E864A2C2C3EAC0033757E /* Debug */ = {
			isa = XCBuildConfiguration;
			buildSettings = {
				ALWAYS_EMBED_SWIFT_STANDARD_LIBRARIES = YES;
				CODE_SIGN_STYLE = Automatic;
				CURRENT_PROJECT_VERSION = 1;
				DEVELOPMENT_TEAM = LWLYM5BX6D;
				GENERATE_INFOPLIST_FILE = YES;
				MARKETING_VERSION = 1.0;
				PRODUCT_BUNDLE_IDENTIFIER = markos.SleepAppUITests;
				PRODUCT_NAME = "$(TARGET_NAME)";
				SWIFT_EMIT_LOC_STRINGS = NO;
				SWIFT_VERSION = 5.0;
				TARGETED_DEVICE_FAMILY = "1,2";
				TEST_TARGET_NAME = SleepApp;
			};
			name = Debug;
		};
		F62E864B2C2C3EAC0033757E /* Release */ = {
			isa = XCBuildConfiguration;
			buildSettings = {
				ALWAYS_EMBED_SWIFT_STANDARD_LIBRARIES = YES;
				CODE_SIGN_STYLE = Automatic;
				CURRENT_PROJECT_VERSION = 1;
				DEVELOPMENT_TEAM = LWLYM5BX6D;
				GENERATE_INFOPLIST_FILE = YES;
				MARKETING_VERSION = 1.0;
				PRODUCT_BUNDLE_IDENTIFIER = markos.SleepAppUITests;
				PRODUCT_NAME = "$(TARGET_NAME)";
				SWIFT_EMIT_LOC_STRINGS = NO;
				SWIFT_VERSION = 5.0;
				TARGETED_DEVICE_FAMILY = "1,2";
				TEST_TARGET_NAME = SleepApp;
			};
			name = Release;
		};
/* End XCBuildConfiguration section */

/* Begin XCConfigurationList section */
		F62E861A2C2C3EAB0033757E /* Build configuration list for PBXProject "SleepApp" */ = {
			isa = XCConfigurationList;
			buildConfigurations = (
				F62E86412C2C3EAC0033757E /* Debug */,
				F62E86422C2C3EAC0033757E /* Release */,
			);
			defaultConfigurationIsVisible = 0;
			defaultConfigurationName = Release;
		};
		F62E86432C2C3EAC0033757E /* Build configuration list for PBXNativeTarget "SleepApp" */ = {
			isa = XCConfigurationList;
			buildConfigurations = (
				F62E86442C2C3EAC0033757E /* Debug */,
				F62E86452C2C3EAC0033757E /* Release */,
			);
			defaultConfigurationIsVisible = 0;
			defaultConfigurationName = Release;
		};
		F62E86462C2C3EAC0033757E /* Build configuration list for PBXNativeTarget "SleepAppTests" */ = {
			isa = XCConfigurationList;
			buildConfigurations = (
				F62E86472C2C3EAC0033757E /* Debug */,
				F62E86482C2C3EAC0033757E /* Release */,
			);
			defaultConfigurationIsVisible = 0;
			defaultConfigurationName = Release;
		};
		F62E86492C2C3EAC0033757E /* Build configuration list for PBXNativeTarget "SleepAppUITests" */ = {
			isa = XCConfigurationList;
			buildConfigurations = (
				F62E864A2C2C3EAC0033757E /* Debug */,
				F62E864B2C2C3EAC0033757E /* Release */,
			);
			defaultConfigurationIsVisible = 0;
			defaultConfigurationName = Release;
		};
/* End XCConfigurationList section */
	};
	rootObject = F62E86172C2C3EAB0033757E /* Project object */;
}
